// !$*UTF8*$!
{
	archiveVersion = 1;
	classes = {
	};
	objectVersion = 46;
	objects = {

/* Begin PBXBuildFile section */
		D513B0D620318CFC00C62520 /* RFFrameChangeProxy.m in Sources */ = {isa = PBXBuildFile; fileRef = D513B0D420318CFB00C62520 /* RFFrameChangeProxy.m */; };
		D513B0D720318CFC00C62520 /* RFAlloctionProxy.m in Sources */ = {isa = PBXBuildFile; fileRef = D513B0D520318CFB00C62520 /* RFAlloctionProxy.m */; };
		D513B0DA20318D3100C62520 /* NSError+RFKit.m in Sources */ = {isa = PBXBuildFile; fileRef = D513B0D820318D3000C62520 /* NSError+RFKit.m */; };
		D513B0DF20318D4400C62520 /* NSLayoutConstraint+RFKit.m in Sources */ = {isa = PBXBuildFile; fileRef = D513B0DC20318D4400C62520 /* NSLayoutConstraint+RFKit.m */; };
		D513B0E020318D4400C62520 /* UIScrollView+RFScrolling.m in Sources */ = {isa = PBXBuildFile; fileRef = D513B0DD20318D4400C62520 /* UIScrollView+RFScrolling.m */; };
		D513B0E82031917C00C62520 /* Test_iOS.swift in Sources */ = {isa = PBXBuildFile; fileRef = D513B0E72031917C00C62520 /* Test_iOS.swift */; };
		D513B0FF2031D0BB00C62520 /* NSFileManagerTests.m in Sources */ = {isa = PBXBuildFile; fileRef = D513B0F82031D0BB00C62520 /* NSFileManagerTests.m */; };
		D513B1002031D0BB00C62520 /* NSDateTests.m in Sources */ = {isa = PBXBuildFile; fileRef = D513B0FB2031D0BB00C62520 /* NSDateTests.m */; };
		D513B1012031D0BB00C62520 /* DoutTests.m in Sources */ = {isa = PBXBuildFile; fileRef = D513B0FC2031D0BB00C62520 /* DoutTests.m */; };
		D56E4F8619237564007EAAA6 /* UINavigationController+RFKit.m in Sources */ = {isa = PBXBuildFile; fileRef = D56E4F8319237564007EAAA6 /* UINavigationController+RFKit.m */; };
		D56E4F8719237564007EAAA6 /* UIResponder+RFKit.m in Sources */ = {isa = PBXBuildFile; fileRef = D56E4F8519237564007EAAA6 /* UIResponder+RFKit.m */; };
		D5A58193176E137500401423 /* UIKit.framework in Frameworks */ = {isa = PBXBuildFile; fileRef = D5A58192176E137500401423 /* UIKit.framework */; };
		D5A58195176E137500401423 /* Foundation.framework in Frameworks */ = {isa = PBXBuildFile; fileRef = D5A58194176E137500401423 /* Foundation.framework */; };
		D5A58197176E137500401423 /* CoreGraphics.framework in Frameworks */ = {isa = PBXBuildFile; fileRef = D5A58196176E137500401423 /* CoreGraphics.framework */; };
		D5A5819D176E137500401423 /* InfoPlist.strings in Resources */ = {isa = PBXBuildFile; fileRef = D5A5819B176E137500401423 /* InfoPlist.strings */; };
		D5A5819F176E137500401423 /* main.m in Sources */ = {isa = PBXBuildFile; fileRef = D5A5819E176E137500401423 /* main.m */; };
		D5A581A3176E137500401423 /* AppDelegate.m in Sources */ = {isa = PBXBuildFile; fileRef = D5A581A2176E137500401423 /* AppDelegate.m */; };
		D5A581A5176E137500401423 /* Default.png in Resources */ = {isa = PBXBuildFile; fileRef = D5A581A4176E137500401423 /* Default.png */; };
		D5A581A7176E137500401423 /* Default@2x.png in Resources */ = {isa = PBXBuildFile; fileRef = D5A581A6176E137500401423 /* Default@2x.png */; };
		D5A581A9176E137500401423 /* Default-568h@2x.png in Resources */ = {isa = PBXBuildFile; fileRef = D5A581A8176E137500401423 /* Default-568h@2x.png */; };
		D5A58231176E139500401423 /* NSArray+RFKit.m in Sources */ = {isa = PBXBuildFile; fileRef = D5A581CB176E139500401423 /* NSArray+RFKit.m */; };
		D5A58232176E139500401423 /* NSBundle+RFKit.m in Sources */ = {isa = PBXBuildFile; fileRef = D5A581CD176E139500401423 /* NSBundle+RFKit.m */; };
		D5A58233176E139500401423 /* NSDate+RFKit.m in Sources */ = {isa = PBXBuildFile; fileRef = D5A581CF176E139500401423 /* NSDate+RFKit.m */; };
		D5A58234176E139500401423 /* NSDateFormatter+RFKit.m in Sources */ = {isa = PBXBuildFile; fileRef = D5A581D1176E139500401423 /* NSDateFormatter+RFKit.m */; };
		D5A58235176E139500401423 /* NSDictionary+RFKit.m in Sources */ = {isa = PBXBuildFile; fileRef = D5A581D3176E139500401423 /* NSDictionary+RFKit.m */; };
		D5A58236176E139500401423 /* NSFileManager+RFKit.m in Sources */ = {isa = PBXBuildFile; fileRef = D5A581D5176E139500401423 /* NSFileManager+RFKit.m */; };
		D5A58237176E139500401423 /* NSJSONSerialization+RFKit.m in Sources */ = {isa = PBXBuildFile; fileRef = D5A581D7176E139500401423 /* NSJSONSerialization+RFKit.m */; };
		D5A58238176E139500401423 /* NSNumberFormatter+RFKit.m in Sources */ = {isa = PBXBuildFile; fileRef = D5A581D9176E139500401423 /* NSNumberFormatter+RFKit.m */; };
		D5A58239176E139500401423 /* NSObject+RFKit.m in Sources */ = {isa = PBXBuildFile; fileRef = D5A581DB176E139500401423 /* NSObject+RFKit.m */; };
		D5A5823A176E139500401423 /* NSString+RFKit.m in Sources */ = {isa = PBXBuildFile; fileRef = D5A581DD176E139500401423 /* NSString+RFKit.m */; };
		D5A5823B176E139500401423 /* NSURL+RFKit.m in Sources */ = {isa = PBXBuildFile; fileRef = D5A581DF176E139500401423 /* NSURL+RFKit.m */; };
		D5A5823C176E139500401423 /* UIAlertView+RFKit.m in Sources */ = {isa = PBXBuildFile; fileRef = D5A581E2176E139500401423 /* UIAlertView+RFKit.m */; };
		D5A5823D176E139500401423 /* UIButton+RFKit.m in Sources */ = {isa = PBXBuildFile; fileRef = D5A581E4176E139500401423 /* UIButton+RFKit.m */; };
		D5A5823E176E139500401423 /* UIColor+RFKit.m in Sources */ = {isa = PBXBuildFile; fileRef = D5A581E6176E139500401423 /* UIColor+RFKit.m */; };
		D5A5823F176E139500401423 /* UIDevice+RFKit.m in Sources */ = {isa = PBXBuildFile; fileRef = D5A581E8176E139500401423 /* UIDevice+RFKit.m */; };
		D5A58240176E139500401423 /* UIImage+RFKit.m in Sources */ = {isa = PBXBuildFile; fileRef = D5A581EA176E139500401423 /* UIImage+RFKit.m */; };
		D5A58241176E139500401423 /* UISearchBar+RFKit.m in Sources */ = {isa = PBXBuildFile; fileRef = D5A581EC176E139500401423 /* UISearchBar+RFKit.m */; };
		D5A58242176E139500401423 /* UIStoryboard+RFKit.m in Sources */ = {isa = PBXBuildFile; fileRef = D5A581EE176E139500401423 /* UIStoryboard+RFKit.m */; };
		D5A58243176E139500401423 /* UITableView+RFKit.m in Sources */ = {isa = PBXBuildFile; fileRef = D5A581F0176E139500401423 /* UITableView+RFKit.m */; };
		D5A58244176E139500401423 /* UIView+RFAnimate.m in Sources */ = {isa = PBXBuildFile; fileRef = D5A581F2176E139500401423 /* UIView+RFAnimate.m */; };
		D5A58245176E139500401423 /* UIView+RFKit.m in Sources */ = {isa = PBXBuildFile; fileRef = D5A581F4176E139500401423 /* UIView+RFKit.m */; };
		D5A58246176E139500401423 /* UIViewController+RFKit.m in Sources */ = {isa = PBXBuildFile; fileRef = D5A581F6176E139500401423 /* UIViewController+RFKit.m */; };
		D5A58247176E139500401423 /* UIWebView+RFKit.m in Sources */ = {isa = PBXBuildFile; fileRef = D5A581F8176E139500401423 /* UIWebView+RFKit.m */; };
		D5A5824B176E139500401423 /* dout.m in Sources */ = {isa = PBXBuildFile; fileRef = D5A581FE176E139500401423 /* dout.m */; };
		D5A5824D176E139500401423 /* EXTScope.m in Sources */ = {isa = PBXBuildFile; fileRef = D5A58206176E139500401423 /* EXTScope.m */; };
		D5A58253176E139600401423 /* RFDispatch.m in Sources */ = {isa = PBXBuildFile; fileRef = D5A58213176E139500401423 /* RFDispatch.m */; };
		D5A58254176E139600401423 /* RFGeometry.m in Sources */ = {isa = PBXBuildFile; fileRef = D5A58216176E139500401423 /* RFGeometry.m */; };
		D5A58255176E139600401423 /* RFPerformance.m in Sources */ = {isa = PBXBuildFile; fileRef = D5A5821A176E139500401423 /* RFPerformance.m */; };
/* End PBXBuildFile section */

/* Begin PBXContainerItemProxy section */
		D513B0EA2031917C00C62520 /* PBXContainerItemProxy */ = {
			isa = PBXContainerItemProxy;
			containerPortal = D5A58187176E137500401423 /* Project object */;
			proxyType = 1;
			remoteGlobalIDString = D5A5818E176E137500401423;
			remoteInfo = RFKit;
		};
/* End PBXContainerItemProxy section */

/* Begin PBXFileReference section */
		D513B0D220318CFB00C62520 /* RFFrameChangeProxy.h */ = {isa = PBXFileReference; fileEncoding = 4; lastKnownFileType = sourcecode.c.h; path = RFFrameChangeProxy.h; sourceTree = "<group>"; };
		D513B0D320318CFB00C62520 /* RFAlloctionProxy.h */ = {isa = PBXFileReference; fileEncoding = 4; lastKnownFileType = sourcecode.c.h; path = RFAlloctionProxy.h; sourceTree = "<group>"; };
		D513B0D420318CFB00C62520 /* RFFrameChangeProxy.m */ = {isa = PBXFileReference; fileEncoding = 4; lastKnownFileType = sourcecode.c.objc; path = RFFrameChangeProxy.m; sourceTree = "<group>"; };
		D513B0D520318CFB00C62520 /* RFAlloctionProxy.m */ = {isa = PBXFileReference; fileEncoding = 4; lastKnownFileType = sourcecode.c.objc; path = RFAlloctionProxy.m; sourceTree = "<group>"; };
		D513B0D820318D3000C62520 /* NSError+RFKit.m */ = {isa = PBXFileReference; fileEncoding = 4; lastKnownFileType = sourcecode.c.objc; path = "NSError+RFKit.m"; sourceTree = "<group>"; };
		D513B0D920318D3100C62520 /* NSError+RFKit.h */ = {isa = PBXFileReference; fileEncoding = 4; lastKnownFileType = sourcecode.c.h; path = "NSError+RFKit.h"; sourceTree = "<group>"; };
		D513B0DB20318D4400C62520 /* NSLayoutConstraint+RFKit.h */ = {isa = PBXFileReference; fileEncoding = 4; lastKnownFileType = sourcecode.c.h; path = "NSLayoutConstraint+RFKit.h"; sourceTree = "<group>"; };
		D513B0DC20318D4400C62520 /* NSLayoutConstraint+RFKit.m */ = {isa = PBXFileReference; fileEncoding = 4; lastKnownFileType = sourcecode.c.objc; path = "NSLayoutConstraint+RFKit.m"; sourceTree = "<group>"; };
		D513B0DD20318D4400C62520 /* UIScrollView+RFScrolling.m */ = {isa = PBXFileReference; fileEncoding = 4; lastKnownFileType = sourcecode.c.objc; path = "UIScrollView+RFScrolling.m"; sourceTree = "<group>"; };
		D513B0DE20318D4400C62520 /* UIScrollView+RFScrolling.h */ = {isa = PBXFileReference; fileEncoding = 4; lastKnownFileType = sourcecode.c.h; path = "UIScrollView+RFScrolling.h"; sourceTree = "<group>"; };
		D513B0E52031917C00C62520 /* Test-iOS.xctest */ = {isa = PBXFileReference; explicitFileType = wrapper.cfbundle; includeInIndex = 0; path = "Test-iOS.xctest"; sourceTree = BUILT_PRODUCTS_DIR; };
		D513B0E72031917C00C62520 /* Test_iOS.swift */ = {isa = PBXFileReference; lastKnownFileType = sourcecode.swift; path = Test_iOS.swift; sourceTree = "<group>"; };
		D513B0E92031917C00C62520 /* Info.plist */ = {isa = PBXFileReference; lastKnownFileType = text.plist.xml; path = Info.plist; sourceTree = "<group>"; };
		D513B0F02031BD9900C62520 /* OCBridgingHeader.h */ = {isa = PBXFileReference; fileEncoding = 4; lastKnownFileType = sourcecode.c.h; path = OCBridgingHeader.h; sourceTree = "<group>"; };
		D513B0F52031D0BA00C62520 /* NSFileManagerTests.h */ = {isa = PBXFileReference; fileEncoding = 4; lastKnownFileType = sourcecode.c.h; path = NSFileManagerTests.h; sourceTree = "<group>"; };
		D513B0F82031D0BB00C62520 /* NSFileManagerTests.m */ = {isa = PBXFileReference; fileEncoding = 4; lastKnownFileType = sourcecode.c.objc; path = NSFileManagerTests.m; sourceTree = "<group>"; };
		D513B0FA2031D0BB00C62520 /* NSDateTests.h */ = {isa = PBXFileReference; fileEncoding = 4; lastKnownFileType = sourcecode.c.h; path = NSDateTests.h; sourceTree = "<group>"; };
		D513B0FB2031D0BB00C62520 /* NSDateTests.m */ = {isa = PBXFileReference; fileEncoding = 4; lastKnownFileType = sourcecode.c.objc; path = NSDateTests.m; sourceTree = "<group>"; };
		D513B0FC2031D0BB00C62520 /* DoutTests.m */ = {isa = PBXFileReference; fileEncoding = 4; lastKnownFileType = sourcecode.c.objc; path = DoutTests.m; sourceTree = "<group>"; };
		D513B0FD2031D0BB00C62520 /* DoutTests.h */ = {isa = PBXFileReference; fileEncoding = 4; lastKnownFileType = sourcecode.c.h; path = DoutTests.h; sourceTree = "<group>"; };
		D56E4F8219237564007EAAA6 /* UINavigationController+RFKit.h */ = {isa = PBXFileReference; fileEncoding = 4; lastKnownFileType = sourcecode.c.h; path = "UINavigationController+RFKit.h"; sourceTree = "<group>"; };
		D56E4F8319237564007EAAA6 /* UINavigationController+RFKit.m */ = {isa = PBXFileReference; fileEncoding = 4; lastKnownFileType = sourcecode.c.objc; path = "UINavigationController+RFKit.m"; sourceTree = "<group>"; };
		D56E4F8419237564007EAAA6 /* UIResponder+RFKit.h */ = {isa = PBXFileReference; fileEncoding = 4; lastKnownFileType = sourcecode.c.h; path = "UIResponder+RFKit.h"; sourceTree = "<group>"; };
		D56E4F8519237564007EAAA6 /* UIResponder+RFKit.m */ = {isa = PBXFileReference; fileEncoding = 4; lastKnownFileType = sourcecode.c.objc; path = "UIResponder+RFKit.m"; sourceTree = "<group>"; };
		D5A5818F176E137500401423 /* RFKit.app */ = {isa = PBXFileReference; explicitFileType = wrapper.application; includeInIndex = 0; path = RFKit.app; sourceTree = BUILT_PRODUCTS_DIR; };
		D5A58192176E137500401423 /* UIKit.framework */ = {isa = PBXFileReference; lastKnownFileType = wrapper.framework; name = UIKit.framework; path = System/Library/Frameworks/UIKit.framework; sourceTree = SDKROOT; };
		D5A58194176E137500401423 /* Foundation.framework */ = {isa = PBXFileReference; lastKnownFileType = wrapper.framework; name = Foundation.framework; path = System/Library/Frameworks/Foundation.framework; sourceTree = SDKROOT; };
		D5A58196176E137500401423 /* CoreGraphics.framework */ = {isa = PBXFileReference; lastKnownFileType = wrapper.framework; name = CoreGraphics.framework; path = System/Library/Frameworks/CoreGraphics.framework; sourceTree = SDKROOT; };
		D5A5819A176E137500401423 /* RFKit-Info.plist */ = {isa = PBXFileReference; lastKnownFileType = text.plist.xml; path = "RFKit-Info.plist"; sourceTree = "<group>"; };
		D5A5819C176E137500401423 /* en */ = {isa = PBXFileReference; lastKnownFileType = text.plist.strings; name = en; path = en.lproj/InfoPlist.strings; sourceTree = "<group>"; };
		D5A5819E176E137500401423 /* main.m */ = {isa = PBXFileReference; lastKnownFileType = sourcecode.c.objc; path = main.m; sourceTree = "<group>"; };
		D5A581A0176E137500401423 /* RFKit-Prefix.pch */ = {isa = PBXFileReference; lastKnownFileType = sourcecode.c.h; path = "RFKit-Prefix.pch"; sourceTree = "<group>"; };
		D5A581A1176E137500401423 /* AppDelegate.h */ = {isa = PBXFileReference; lastKnownFileType = sourcecode.c.h; path = AppDelegate.h; sourceTree = "<group>"; };
		D5A581A2176E137500401423 /* AppDelegate.m */ = {isa = PBXFileReference; lastKnownFileType = sourcecode.c.objc; path = AppDelegate.m; sourceTree = "<group>"; };
		D5A581A4176E137500401423 /* Default.png */ = {isa = PBXFileReference; lastKnownFileType = image.png; path = Default.png; sourceTree = "<group>"; };
		D5A581A6176E137500401423 /* Default@2x.png */ = {isa = PBXFileReference; lastKnownFileType = image.png; path = "Default@2x.png"; sourceTree = "<group>"; };
		D5A581A8176E137500401423 /* Default-568h@2x.png */ = {isa = PBXFileReference; lastKnownFileType = image.png; path = "Default-568h@2x.png"; sourceTree = "<group>"; };
		D5A581CA176E139500401423 /* NSArray+RFKit.h */ = {isa = PBXFileReference; fileEncoding = 4; lastKnownFileType = sourcecode.c.h; path = "NSArray+RFKit.h"; sourceTree = "<group>"; };
		D5A581CB176E139500401423 /* NSArray+RFKit.m */ = {isa = PBXFileReference; fileEncoding = 4; lastKnownFileType = sourcecode.c.objc; path = "NSArray+RFKit.m"; sourceTree = "<group>"; };
		D5A581CC176E139500401423 /* NSBundle+RFKit.h */ = {isa = PBXFileReference; fileEncoding = 4; lastKnownFileType = sourcecode.c.h; path = "NSBundle+RFKit.h"; sourceTree = "<group>"; };
		D5A581CD176E139500401423 /* NSBundle+RFKit.m */ = {isa = PBXFileReference; fileEncoding = 4; lastKnownFileType = sourcecode.c.objc; path = "NSBundle+RFKit.m"; sourceTree = "<group>"; };
		D5A581CE176E139500401423 /* NSDate+RFKit.h */ = {isa = PBXFileReference; fileEncoding = 4; lastKnownFileType = sourcecode.c.h; path = "NSDate+RFKit.h"; sourceTree = "<group>"; };
		D5A581CF176E139500401423 /* NSDate+RFKit.m */ = {isa = PBXFileReference; fileEncoding = 4; lastKnownFileType = sourcecode.c.objc; path = "NSDate+RFKit.m"; sourceTree = "<group>"; };
		D5A581D0176E139500401423 /* NSDateFormatter+RFKit.h */ = {isa = PBXFileReference; fileEncoding = 4; lastKnownFileType = sourcecode.c.h; path = "NSDateFormatter+RFKit.h"; sourceTree = "<group>"; };
		D5A581D1176E139500401423 /* NSDateFormatter+RFKit.m */ = {isa = PBXFileReference; fileEncoding = 4; lastKnownFileType = sourcecode.c.objc; path = "NSDateFormatter+RFKit.m"; sourceTree = "<group>"; };
		D5A581D2176E139500401423 /* NSDictionary+RFKit.h */ = {isa = PBXFileReference; fileEncoding = 4; lastKnownFileType = sourcecode.c.h; path = "NSDictionary+RFKit.h"; sourceTree = "<group>"; };
		D5A581D3176E139500401423 /* NSDictionary+RFKit.m */ = {isa = PBXFileReference; fileEncoding = 4; lastKnownFileType = sourcecode.c.objc; path = "NSDictionary+RFKit.m"; sourceTree = "<group>"; };
		D5A581D4176E139500401423 /* NSFileManager+RFKit.h */ = {isa = PBXFileReference; fileEncoding = 4; lastKnownFileType = sourcecode.c.h; path = "NSFileManager+RFKit.h"; sourceTree = "<group>"; };
		D5A581D5176E139500401423 /* NSFileManager+RFKit.m */ = {isa = PBXFileReference; fileEncoding = 4; lastKnownFileType = sourcecode.c.objc; path = "NSFileManager+RFKit.m"; sourceTree = "<group>"; };
		D5A581D6176E139500401423 /* NSJSONSerialization+RFKit.h */ = {isa = PBXFileReference; fileEncoding = 4; lastKnownFileType = sourcecode.c.h; path = "NSJSONSerialization+RFKit.h"; sourceTree = "<group>"; };
		D5A581D7176E139500401423 /* NSJSONSerialization+RFKit.m */ = {isa = PBXFileReference; fileEncoding = 4; lastKnownFileType = sourcecode.c.objc; path = "NSJSONSerialization+RFKit.m"; sourceTree = "<group>"; };
		D5A581D8176E139500401423 /* NSNumberFormatter+RFKit.h */ = {isa = PBXFileReference; fileEncoding = 4; lastKnownFileType = sourcecode.c.h; path = "NSNumberFormatter+RFKit.h"; sourceTree = "<group>"; };
		D5A581D9176E139500401423 /* NSNumberFormatter+RFKit.m */ = {isa = PBXFileReference; fileEncoding = 4; lastKnownFileType = sourcecode.c.objc; path = "NSNumberFormatter+RFKit.m"; sourceTree = "<group>"; };
		D5A581DA176E139500401423 /* NSObject+RFKit.h */ = {isa = PBXFileReference; fileEncoding = 4; lastKnownFileType = sourcecode.c.h; path = "NSObject+RFKit.h"; sourceTree = "<group>"; };
		D5A581DB176E139500401423 /* NSObject+RFKit.m */ = {isa = PBXFileReference; fileEncoding = 4; lastKnownFileType = sourcecode.c.objc; path = "NSObject+RFKit.m"; sourceTree = "<group>"; };
		D5A581DC176E139500401423 /* NSString+RFKit.h */ = {isa = PBXFileReference; fileEncoding = 4; lastKnownFileType = sourcecode.c.h; path = "NSString+RFKit.h"; sourceTree = "<group>"; };
		D5A581DD176E139500401423 /* NSString+RFKit.m */ = {isa = PBXFileReference; fileEncoding = 4; lastKnownFileType = sourcecode.c.objc; path = "NSString+RFKit.m"; sourceTree = "<group>"; };
		D5A581DE176E139500401423 /* NSURL+RFKit.h */ = {isa = PBXFileReference; fileEncoding = 4; lastKnownFileType = sourcecode.c.h; path = "NSURL+RFKit.h"; sourceTree = "<group>"; };
		D5A581DF176E139500401423 /* NSURL+RFKit.m */ = {isa = PBXFileReference; fileEncoding = 4; lastKnownFileType = sourcecode.c.objc; path = "NSURL+RFKit.m"; sourceTree = "<group>"; };
		D5A581E1176E139500401423 /* UIAlertView+RFKit.h */ = {isa = PBXFileReference; fileEncoding = 4; lastKnownFileType = sourcecode.c.h; path = "UIAlertView+RFKit.h"; sourceTree = "<group>"; };
		D5A581E2176E139500401423 /* UIAlertView+RFKit.m */ = {isa = PBXFileReference; fileEncoding = 4; lastKnownFileType = sourcecode.c.objc; path = "UIAlertView+RFKit.m"; sourceTree = "<group>"; };
		D5A581E3176E139500401423 /* UIButton+RFKit.h */ = {isa = PBXFileReference; fileEncoding = 4; lastKnownFileType = sourcecode.c.h; path = "UIButton+RFKit.h"; sourceTree = "<group>"; };
		D5A581E4176E139500401423 /* UIButton+RFKit.m */ = {isa = PBXFileReference; fileEncoding = 4; lastKnownFileType = sourcecode.c.objc; path = "UIButton+RFKit.m"; sourceTree = "<group>"; };
		D5A581E5176E139500401423 /* UIColor+RFKit.h */ = {isa = PBXFileReference; fileEncoding = 4; lastKnownFileType = sourcecode.c.h; path = "UIColor+RFKit.h"; sourceTree = "<group>"; };
		D5A581E6176E139500401423 /* UIColor+RFKit.m */ = {isa = PBXFileReference; fileEncoding = 4; lastKnownFileType = sourcecode.c.objc; path = "UIColor+RFKit.m"; sourceTree = "<group>"; };
		D5A581E7176E139500401423 /* UIDevice+RFKit.h */ = {isa = PBXFileReference; fileEncoding = 4; lastKnownFileType = sourcecode.c.h; path = "UIDevice+RFKit.h"; sourceTree = "<group>"; };
		D5A581E8176E139500401423 /* UIDevice+RFKit.m */ = {isa = PBXFileReference; fileEncoding = 4; lastKnownFileType = sourcecode.c.objc; path = "UIDevice+RFKit.m"; sourceTree = "<group>"; };
		D5A581E9176E139500401423 /* UIImage+RFKit.h */ = {isa = PBXFileReference; fileEncoding = 4; lastKnownFileType = sourcecode.c.h; path = "UIImage+RFKit.h"; sourceTree = "<group>"; };
		D5A581EA176E139500401423 /* UIImage+RFKit.m */ = {isa = PBXFileReference; fileEncoding = 4; lastKnownFileType = sourcecode.c.objc; path = "UIImage+RFKit.m"; sourceTree = "<group>"; };
		D5A581EB176E139500401423 /* UISearchBar+RFKit.h */ = {isa = PBXFileReference; fileEncoding = 4; lastKnownFileType = sourcecode.c.h; path = "UISearchBar+RFKit.h"; sourceTree = "<group>"; };
		D5A581EC176E139500401423 /* UISearchBar+RFKit.m */ = {isa = PBXFileReference; fileEncoding = 4; lastKnownFileType = sourcecode.c.objc; path = "UISearchBar+RFKit.m"; sourceTree = "<group>"; };
		D5A581ED176E139500401423 /* UIStoryboard+RFKit.h */ = {isa = PBXFileReference; fileEncoding = 4; lastKnownFileType = sourcecode.c.h; path = "UIStoryboard+RFKit.h"; sourceTree = "<group>"; };
		D5A581EE176E139500401423 /* UIStoryboard+RFKit.m */ = {isa = PBXFileReference; fileEncoding = 4; lastKnownFileType = sourcecode.c.objc; path = "UIStoryboard+RFKit.m"; sourceTree = "<group>"; };
		D5A581EF176E139500401423 /* UITableView+RFKit.h */ = {isa = PBXFileReference; fileEncoding = 4; lastKnownFileType = sourcecode.c.h; path = "UITableView+RFKit.h"; sourceTree = "<group>"; };
		D5A581F0176E139500401423 /* UITableView+RFKit.m */ = {isa = PBXFileReference; fileEncoding = 4; lastKnownFileType = sourcecode.c.objc; path = "UITableView+RFKit.m"; sourceTree = "<group>"; };
		D5A581F1176E139500401423 /* UIView+RFAnimate.h */ = {isa = PBXFileReference; fileEncoding = 4; lastKnownFileType = sourcecode.c.h; path = "UIView+RFAnimate.h"; sourceTree = "<group>"; };
		D5A581F2176E139500401423 /* UIView+RFAnimate.m */ = {isa = PBXFileReference; fileEncoding = 4; lastKnownFileType = sourcecode.c.objc; path = "UIView+RFAnimate.m"; sourceTree = "<group>"; };
		D5A581F3176E139500401423 /* UIView+RFKit.h */ = {isa = PBXFileReference; fileEncoding = 4; lastKnownFileType = sourcecode.c.h; path = "UIView+RFKit.h"; sourceTree = "<group>"; };
		D5A581F4176E139500401423 /* UIView+RFKit.m */ = {isa = PBXFileReference; fileEncoding = 4; lastKnownFileType = sourcecode.c.objc; path = "UIView+RFKit.m"; sourceTree = "<group>"; };
		D5A581F5176E139500401423 /* UIViewController+RFKit.h */ = {isa = PBXFileReference; fileEncoding = 4; lastKnownFileType = sourcecode.c.h; path = "UIViewController+RFKit.h"; sourceTree = "<group>"; };
		D5A581F6176E139500401423 /* UIViewController+RFKit.m */ = {isa = PBXFileReference; fileEncoding = 4; lastKnownFileType = sourcecode.c.objc; path = "UIViewController+RFKit.m"; sourceTree = "<group>"; };
		D5A581F7176E139500401423 /* UIWebView+RFKit.h */ = {isa = PBXFileReference; fileEncoding = 4; lastKnownFileType = sourcecode.c.h; path = "UIWebView+RFKit.h"; sourceTree = "<group>"; };
		D5A581F8176E139500401423 /* UIWebView+RFKit.m */ = {isa = PBXFileReference; fileEncoding = 4; lastKnownFileType = sourcecode.c.objc; path = "UIWebView+RFKit.m"; sourceTree = "<group>"; };
		D5A581FD176E139500401423 /* dout.h */ = {isa = PBXFileReference; fileEncoding = 4; lastKnownFileType = sourcecode.c.h; path = dout.h; sourceTree = "<group>"; };
		D5A581FE176E139500401423 /* dout.m */ = {isa = PBXFileReference; fileEncoding = 4; lastKnownFileType = sourcecode.c.objc; path = dout.m; sourceTree = "<group>"; };
		D5A58204176E139500401423 /* EXTKeyPathCoding.h */ = {isa = PBXFileReference; fileEncoding = 4; lastKnownFileType = sourcecode.c.h; path = EXTKeyPathCoding.h; sourceTree = "<group>"; };
		D5A58205176E139500401423 /* EXTScope.h */ = {isa = PBXFileReference; fileEncoding = 4; lastKnownFileType = sourcecode.c.h; path = EXTScope.h; sourceTree = "<group>"; };
		D5A58206176E139500401423 /* EXTScope.m */ = {isa = PBXFileReference; fileEncoding = 4; lastKnownFileType = sourcecode.c.objc; path = EXTScope.m; sourceTree = "<group>"; };
		D5A58208176E139500401423 /* metamacros.h */ = {isa = PBXFileReference; fileEncoding = 4; lastKnownFileType = sourcecode.c.h; path = metamacros.h; sourceTree = "<group>"; };
		D5A58211176E139500401423 /* RFARC.h */ = {isa = PBXFileReference; fileEncoding = 4; lastKnownFileType = sourcecode.c.h; path = RFARC.h; sourceTree = "<group>"; };
		D5A58212176E139500401423 /* RFDispatch.h */ = {isa = PBXFileReference; fileEncoding = 4; lastKnownFileType = sourcecode.c.h; path = RFDispatch.h; sourceTree = "<group>"; };
		D5A58213176E139500401423 /* RFDispatch.m */ = {isa = PBXFileReference; fileEncoding = 4; lastKnownFileType = sourcecode.c.objc; path = RFDispatch.m; sourceTree = "<group>"; };
		D5A58214176E139500401423 /* RFFeatureSupport.h */ = {isa = PBXFileReference; fileEncoding = 4; lastKnownFileType = sourcecode.c.h; path = RFFeatureSupport.h; sourceTree = "<group>"; };
		D5A58215176E139500401423 /* RFGeometry.h */ = {isa = PBXFileReference; fileEncoding = 4; lastKnownFileType = sourcecode.c.h; path = RFGeometry.h; sourceTree = "<group>"; };
		D5A58216176E139500401423 /* RFGeometry.m */ = {isa = PBXFileReference; fileEncoding = 4; lastKnownFileType = sourcecode.c.objc; path = RFGeometry.m; sourceTree = "<group>"; };
		D5A58217176E139500401423 /* RFKit.h */ = {isa = PBXFileReference; fileEncoding = 4; lastKnownFileType = sourcecode.c.h; path = RFKit.h; sourceTree = "<group>"; };
		D5A58218176E139500401423 /* RFKitDefaultCategories.h */ = {isa = PBXFileReference; fileEncoding = 4; lastKnownFileType = sourcecode.c.h; path = RFKitDefaultCategories.h; sourceTree = "<group>"; };
		D5A58219176E139500401423 /* RFPerformance.h */ = {isa = PBXFileReference; fileEncoding = 4; lastKnownFileType = sourcecode.c.h; path = RFPerformance.h; sourceTree = "<group>"; };
		D5A5821A176E139500401423 /* RFPerformance.m */ = {isa = PBXFileReference; fileEncoding = 4; lastKnownFileType = sourcecode.c.objc; path = RFPerformance.m; sourceTree = "<group>"; };
		D5A5821B176E139500401423 /* RFRuntime.h */ = {isa = PBXFileReference; fileEncoding = 4; lastKnownFileType = sourcecode.c.h; path = RFRuntime.h; sourceTree = "<group>"; };
/* End PBXFileReference section */

/* Begin PBXFrameworksBuildPhase section */
		D513B0E22031917C00C62520 /* Frameworks */ = {
			isa = PBXFrameworksBuildPhase;
			buildActionMask = 2147483647;
			files = (
			);
			runOnlyForDeploymentPostprocessing = 0;
		};
		D5A5818C176E137500401423 /* Frameworks */ = {
			isa = PBXFrameworksBuildPhase;
			buildActionMask = 2147483647;
			files = (
				D5A58197176E137500401423 /* CoreGraphics.framework in Frameworks */,
				D5A58195176E137500401423 /* Foundation.framework in Frameworks */,
				D5A58193176E137500401423 /* UIKit.framework in Frameworks */,
			);
			runOnlyForDeploymentPostprocessing = 0;
		};
/* End PBXFrameworksBuildPhase section */

/* Begin PBXGroup section */
		D513B0D120318CFB00C62520 /* doutkit */ = {
			isa = PBXGroup;
			children = (
				D513B0D320318CFB00C62520 /* RFAlloctionProxy.h */,
				D513B0D520318CFB00C62520 /* RFAlloctionProxy.m */,
				D513B0D220318CFB00C62520 /* RFFrameChangeProxy.h */,
				D513B0D420318CFB00C62520 /* RFFrameChangeProxy.m */,
			);
			path = doutkit;
			sourceTree = "<group>";
		};
		D513B0E62031917C00C62520 /* Test-iOS */ = {
			isa = PBXGroup;
			children = (
				D513B0E92031917C00C62520 /* Info.plist */,
				D513B0E72031917C00C62520 /* Test_iOS.swift */,
			);
			path = "Test-iOS";
			sourceTree = "<group>";
		};
		D513B0EF2031BD9900C62520 /* Supporting Files */ = {
			isa = PBXGroup;
			children = (
				D513B0F02031BD9900C62520 /* OCBridgingHeader.h */,
			);
			path = "Supporting Files";
			sourceTree = "<group>";
		};
		D513B0F12031D0BA00C62520 /* Test-Universal */ = {
			isa = PBXGroup;
			children = (
				D513B0F22031D0BA00C62520 /* category */,
				D513B0FD2031D0BB00C62520 /* DoutTests.h */,
				D513B0FC2031D0BB00C62520 /* DoutTests.m */,
			);
			path = "Test-Universal";
			sourceTree = "<group>";
		};
		D513B0F22031D0BA00C62520 /* category */ = {
			isa = PBXGroup;
			children = (
				D513B0F32031D0BA00C62520 /* Foundation */,
			);
			path = category;
			sourceTree = "<group>";
		};
		D513B0F32031D0BA00C62520 /* Foundation */ = {
			isa = PBXGroup;
			children = (
				D513B0F92031D0BB00C62520 /* NSDate */,
				D513B0F42031D0BA00C62520 /* NSFileManager */,
			);
			path = Foundation;
			sourceTree = "<group>";
		};
		D513B0F42031D0BA00C62520 /* NSFileManager */ = {
			isa = PBXGroup;
			children = (
				D513B0F52031D0BA00C62520 /* NSFileManagerTests.h */,
				D513B0F82031D0BB00C62520 /* NSFileManagerTests.m */,
			);
			path = NSFileManager;
			sourceTree = "<group>";
		};
		D513B0F92031D0BB00C62520 /* NSDate */ = {
			isa = PBXGroup;
			children = (
				D513B0FA2031D0BB00C62520 /* NSDateTests.h */,
				D513B0FB2031D0BB00C62520 /* NSDateTests.m */,
			);
			path = NSDate;
			sourceTree = "<group>";
		};
		D5A58186176E137500401423 = {
			isa = PBXGroup;
			children = (
				D5A58198176E137500401423 /* App */,
				D5A58191176E137500401423 /* Frameworks */,
				D5A58190176E137500401423 /* Products */,
				D5A581C7176E139500401423 /* RFKit */,
				D513B0EF2031BD9900C62520 /* Supporting Files */,
				D513B0E62031917C00C62520 /* Test-iOS */,
				D513B0F12031D0BA00C62520 /* Test-Universal */,
			);
			sourceTree = "<group>";
		};
		D5A58190176E137500401423 /* Products */ = {
			isa = PBXGroup;
			children = (
				D5A5818F176E137500401423 /* RFKit.app */,
				D513B0E52031917C00C62520 /* Test-iOS.xctest */,
			);
			name = Products;
			sourceTree = "<group>";
		};
		D5A58191176E137500401423 /* Frameworks */ = {
			isa = PBXGroup;
			children = (
				D5A58196176E137500401423 /* CoreGraphics.framework */,
				D5A58194176E137500401423 /* Foundation.framework */,
				D5A58192176E137500401423 /* UIKit.framework */,
			);
			name = Frameworks;
			sourceTree = "<group>";
		};
		D5A58198176E137500401423 /* App */ = {
			isa = PBXGroup;
			children = (
				D5A58199176E137500401423 /* Supporting Files */,
				D5A581A1176E137500401423 /* AppDelegate.h */,
				D5A581A2176E137500401423 /* AppDelegate.m */,
			);
			name = App;
			path = RFKit;
			sourceTree = "<group>";
		};
		D5A58199176E137500401423 /* Supporting Files */ = {
			isa = PBXGroup;
			children = (
				D5A581A8176E137500401423 /* Default-568h@2x.png */,
				D5A581A4176E137500401423 /* Default.png */,
				D5A581A6176E137500401423 /* Default@2x.png */,
				D5A5819B176E137500401423 /* InfoPlist.strings */,
				D5A5819E176E137500401423 /* main.m */,
				D5A5819A176E137500401423 /* RFKit-Info.plist */,
				D5A581A0176E137500401423 /* RFKit-Prefix.pch */,
			);
			name = "Supporting Files";
			sourceTree = "<group>";
		};
		D5A581C7176E139500401423 /* RFKit */ = {
			isa = PBXGroup;
			children = (
				D5A581C8176E139500401423 /* category */,
				D513B0D120318CFB00C62520 /* doutkit */,
				D5A58203176E139500401423 /* extobjc */,
				D5A581FD176E139500401423 /* dout.h */,
				D5A581FE176E139500401423 /* dout.m */,
				D5A58211176E139500401423 /* RFARC.h */,
				D5A58212176E139500401423 /* RFDispatch.h */,
				D5A58213176E139500401423 /* RFDispatch.m */,
				D5A58214176E139500401423 /* RFFeatureSupport.h */,
				D5A58215176E139500401423 /* RFGeometry.h */,
				D5A58216176E139500401423 /* RFGeometry.m */,
				D5A58217176E139500401423 /* RFKit.h */,
				D5A58218176E139500401423 /* RFKitDefaultCategories.h */,
				D5A58219176E139500401423 /* RFPerformance.h */,
				D5A5821A176E139500401423 /* RFPerformance.m */,
				D5A5821B176E139500401423 /* RFRuntime.h */,
			);
			name = RFKit;
			path = ..;
			sourceTree = "<group>";
		};
		D5A581C8176E139500401423 /* category */ = {
			isa = PBXGroup;
			children = (
				D5A581C9176E139500401423 /* Foundation */,
				D5A581E0176E139500401423 /* UIKit */,
			);
			path = category;
			sourceTree = "<group>";
		};
		D5A581C9176E139500401423 /* Foundation */ = {
			isa = PBXGroup;
			children = (
				D5A581CA176E139500401423 /* NSArray+RFKit.h */,
				D5A581CB176E139500401423 /* NSArray+RFKit.m */,
				D5A581CC176E139500401423 /* NSBundle+RFKit.h */,
				D5A581CD176E139500401423 /* NSBundle+RFKit.m */,
				D5A581CE176E139500401423 /* NSDate+RFKit.h */,
				D5A581CF176E139500401423 /* NSDate+RFKit.m */,
				D5A581D0176E139500401423 /* NSDateFormatter+RFKit.h */,
				D5A581D1176E139500401423 /* NSDateFormatter+RFKit.m */,
				D5A581D2176E139500401423 /* NSDictionary+RFKit.h */,
				D5A581D3176E139500401423 /* NSDictionary+RFKit.m */,
				D513B0D920318D3100C62520 /* NSError+RFKit.h */,
				D513B0D820318D3000C62520 /* NSError+RFKit.m */,
				D5A581D4176E139500401423 /* NSFileManager+RFKit.h */,
				D5A581D5176E139500401423 /* NSFileManager+RFKit.m */,
				D5A581D6176E139500401423 /* NSJSONSerialization+RFKit.h */,
				D5A581D7176E139500401423 /* NSJSONSerialization+RFKit.m */,
				D5A581D8176E139500401423 /* NSNumberFormatter+RFKit.h */,
				D5A581D9176E139500401423 /* NSNumberFormatter+RFKit.m */,
				D5A581DA176E139500401423 /* NSObject+RFKit.h */,
				D5A581DB176E139500401423 /* NSObject+RFKit.m */,
				D5A581DC176E139500401423 /* NSString+RFKit.h */,
				D5A581DD176E139500401423 /* NSString+RFKit.m */,
				D5A581DE176E139500401423 /* NSURL+RFKit.h */,
				D5A581DF176E139500401423 /* NSURL+RFKit.m */,
			);
			path = Foundation;
			sourceTree = "<group>";
		};
		D5A581E0176E139500401423 /* UIKit */ = {
			isa = PBXGroup;
			children = (
				D513B0DB20318D4400C62520 /* NSLayoutConstraint+RFKit.h */,
				D513B0DC20318D4400C62520 /* NSLayoutConstraint+RFKit.m */,
				D5A581E1176E139500401423 /* UIAlertView+RFKit.h */,
				D5A581E2176E139500401423 /* UIAlertView+RFKit.m */,
				D5A581E3176E139500401423 /* UIButton+RFKit.h */,
				D5A581E4176E139500401423 /* UIButton+RFKit.m */,
				D5A581E5176E139500401423 /* UIColor+RFKit.h */,
				D5A581E6176E139500401423 /* UIColor+RFKit.m */,
				D5A581E7176E139500401423 /* UIDevice+RFKit.h */,
				D5A581E8176E139500401423 /* UIDevice+RFKit.m */,
				D5A581E9176E139500401423 /* UIImage+RFKit.h */,
				D5A581EA176E139500401423 /* UIImage+RFKit.m */,
				D56E4F8219237564007EAAA6 /* UINavigationController+RFKit.h */,
				D56E4F8319237564007EAAA6 /* UINavigationController+RFKit.m */,
				D56E4F8419237564007EAAA6 /* UIResponder+RFKit.h */,
				D56E4F8519237564007EAAA6 /* UIResponder+RFKit.m */,
				D513B0DE20318D4400C62520 /* UIScrollView+RFScrolling.h */,
				D513B0DD20318D4400C62520 /* UIScrollView+RFScrolling.m */,
				D5A581EB176E139500401423 /* UISearchBar+RFKit.h */,
				D5A581EC176E139500401423 /* UISearchBar+RFKit.m */,
				D5A581ED176E139500401423 /* UIStoryboard+RFKit.h */,
				D5A581EE176E139500401423 /* UIStoryboard+RFKit.m */,
				D5A581EF176E139500401423 /* UITableView+RFKit.h */,
				D5A581F0176E139500401423 /* UITableView+RFKit.m */,
				D5A581F1176E139500401423 /* UIView+RFAnimate.h */,
				D5A581F2176E139500401423 /* UIView+RFAnimate.m */,
				D5A581F3176E139500401423 /* UIView+RFKit.h */,
				D5A581F4176E139500401423 /* UIView+RFKit.m */,
				D5A581F5176E139500401423 /* UIViewController+RFKit.h */,
				D5A581F6176E139500401423 /* UIViewController+RFKit.m */,
				D5A581F7176E139500401423 /* UIWebView+RFKit.h */,
				D5A581F8176E139500401423 /* UIWebView+RFKit.m */,
			);
			path = UIKit;
			sourceTree = "<group>";
		};
		D5A58203176E139500401423 /* extobjc */ = {
			isa = PBXGroup;
			children = (
				D5A58204176E139500401423 /* EXTKeyPathCoding.h */,
				D5A58205176E139500401423 /* EXTScope.h */,
				D5A58206176E139500401423 /* EXTScope.m */,
				D5A58208176E139500401423 /* metamacros.h */,
			);
			path = extobjc;
			sourceTree = "<group>";
		};
/* End PBXGroup section */

/* Begin PBXNativeTarget section */
		D513B0E42031917C00C62520 /* Test-iOS */ = {
			isa = PBXNativeTarget;
			buildConfigurationList = D513B0EC2031917C00C62520 /* Build configuration list for PBXNativeTarget "Test-iOS" */;
			buildPhases = (
				D513B0E12031917C00C62520 /* Sources */,
				D513B0E22031917C00C62520 /* Frameworks */,
				D513B0E32031917C00C62520 /* Resources */,
			);
			buildRules = (
			);
			dependencies = (
				D513B0EB2031917C00C62520 /* PBXTargetDependency */,
			);
			name = "Test-iOS";
			productName = "Test-iOS";
			productReference = D513B0E52031917C00C62520 /* Test-iOS.xctest */;
			productType = "com.apple.product-type.bundle.unit-test";
		};
		D5A5818E176E137500401423 /* RFKit */ = {
			isa = PBXNativeTarget;
			buildConfigurationList = D5A581C1176E137600401423 /* Build configuration list for PBXNativeTarget "RFKit" */;
			buildPhases = (
				D5A5818B176E137500401423 /* Sources */,
				D5A5818C176E137500401423 /* Frameworks */,
				D5A5818D176E137500401423 /* Resources */,
			);
			buildRules = (
			);
			dependencies = (
			);
			name = RFKit;
			productName = RFKit;
			productReference = D5A5818F176E137500401423 /* RFKit.app */;
			productType = "com.apple.product-type.application";
		};
/* End PBXNativeTarget section */

/* Begin PBXProject section */
		D5A58187176E137500401423 /* Project object */ = {
			isa = PBXProject;
			attributes = {
				LastSwiftUpdateCheck = 0920;
				LastTestingUpgradeCheck = 0510;
				LastUpgradeCheck = 0920;
				ORGANIZATIONNAME = RFUI;
				TargetAttributes = {
					D513B0E42031917C00C62520 = {
						CreatedOnToolsVersion = 9.2;
						ProvisioningStyle = Automatic;
						TestTargetID = D5A5818E176E137500401423;
					};
				};
			};
			buildConfigurationList = D5A5818A176E137500401423 /* Build configuration list for PBXProject "RFKit" */;
			compatibilityVersion = "Xcode 3.2";
			developmentRegion = English;
			hasScannedForEncodings = 0;
			knownRegions = (
				en,
			);
			mainGroup = D5A58186176E137500401423;
			productRefGroup = D5A58190176E137500401423 /* Products */;
			projectDirPath = "";
			projectRoot = "";
			targets = (
				D5A5818E176E137500401423 /* RFKit */,
				D513B0E42031917C00C62520 /* Test-iOS */,
			);
		};
/* End PBXProject section */

/* Begin PBXResourcesBuildPhase section */
		D513B0E32031917C00C62520 /* Resources */ = {
			isa = PBXResourcesBuildPhase;
			buildActionMask = 2147483647;
			files = (
			);
			runOnlyForDeploymentPostprocessing = 0;
		};
		D5A5818D176E137500401423 /* Resources */ = {
			isa = PBXResourcesBuildPhase;
			buildActionMask = 2147483647;
			files = (
				D5A581A9176E137500401423 /* Default-568h@2x.png in Resources */,
				D5A581A5176E137500401423 /* Default.png in Resources */,
				D5A581A7176E137500401423 /* Default@2x.png in Resources */,
				D5A5819D176E137500401423 /* InfoPlist.strings in Resources */,
			);
			runOnlyForDeploymentPostprocessing = 0;
		};
/* End PBXResourcesBuildPhase section */

/* Begin PBXSourcesBuildPhase section */
		D513B0E12031917C00C62520 /* Sources */ = {
			isa = PBXSourcesBuildPhase;
			buildActionMask = 2147483647;
			files = (
				D513B1012031D0BB00C62520 /* DoutTests.m in Sources */,
				D513B1002031D0BB00C62520 /* NSDateTests.m in Sources */,
				D513B0FF2031D0BB00C62520 /* NSFileManagerTests.m in Sources */,
				D513B0E82031917C00C62520 /* Test_iOS.swift in Sources */,
			);
			runOnlyForDeploymentPostprocessing = 0;
		};
		D5A5818B176E137500401423 /* Sources */ = {
			isa = PBXSourcesBuildPhase;
			buildActionMask = 2147483647;
			files = (
				D5A581A3176E137500401423 /* AppDelegate.m in Sources */,
				D5A5824B176E139500401423 /* dout.m in Sources */,
				D5A5824D176E139500401423 /* EXTScope.m in Sources */,
				D5A5819F176E137500401423 /* main.m in Sources */,
				D5A58231176E139500401423 /* NSArray+RFKit.m in Sources */,
				D5A58232176E139500401423 /* NSBundle+RFKit.m in Sources */,
				D5A58233176E139500401423 /* NSDate+RFKit.m in Sources */,
				D5A58234176E139500401423 /* NSDateFormatter+RFKit.m in Sources */,
				D5A58235176E139500401423 /* NSDictionary+RFKit.m in Sources */,
				D513B0DA20318D3100C62520 /* NSError+RFKit.m in Sources */,
				D5A58236176E139500401423 /* NSFileManager+RFKit.m in Sources */,
				D5A58237176E139500401423 /* NSJSONSerialization+RFKit.m in Sources */,
				D513B0DF20318D4400C62520 /* NSLayoutConstraint+RFKit.m in Sources */,
				D5A58238176E139500401423 /* NSNumberFormatter+RFKit.m in Sources */,
				D5A58239176E139500401423 /* NSObject+RFKit.m in Sources */,
				D5A5823A176E139500401423 /* NSString+RFKit.m in Sources */,
				D5A5823B176E139500401423 /* NSURL+RFKit.m in Sources */,
				D513B0D720318CFC00C62520 /* RFAlloctionProxy.m in Sources */,
				D5A58253176E139600401423 /* RFDispatch.m in Sources */,
				D513B0D620318CFC00C62520 /* RFFrameChangeProxy.m in Sources */,
				D5A58254176E139600401423 /* RFGeometry.m in Sources */,
				D5A58255176E139600401423 /* RFPerformance.m in Sources */,
				D5A5823C176E139500401423 /* UIAlertView+RFKit.m in Sources */,
				D5A5823D176E139500401423 /* UIButton+RFKit.m in Sources */,
				D5A5823E176E139500401423 /* UIColor+RFKit.m in Sources */,
				D5A5823F176E139500401423 /* UIDevice+RFKit.m in Sources */,
				D5A58240176E139500401423 /* UIImage+RFKit.m in Sources */,
				D56E4F8619237564007EAAA6 /* UINavigationController+RFKit.m in Sources */,
				D56E4F8719237564007EAAA6 /* UIResponder+RFKit.m in Sources */,
				D513B0E020318D4400C62520 /* UIScrollView+RFScrolling.m in Sources */,
				D5A58241176E139500401423 /* UISearchBar+RFKit.m in Sources */,
				D5A58242176E139500401423 /* UIStoryboard+RFKit.m in Sources */,
				D5A58243176E139500401423 /* UITableView+RFKit.m in Sources */,
				D5A58244176E139500401423 /* UIView+RFAnimate.m in Sources */,
				D5A58245176E139500401423 /* UIView+RFKit.m in Sources */,
				D5A58246176E139500401423 /* UIViewController+RFKit.m in Sources */,
				D5A58247176E139500401423 /* UIWebView+RFKit.m in Sources */,
			);
			runOnlyForDeploymentPostprocessing = 0;
		};
/* End PBXSourcesBuildPhase section */

/* Begin PBXTargetDependency section */
		D513B0EB2031917C00C62520 /* PBXTargetDependency */ = {
			isa = PBXTargetDependency;
			target = D5A5818E176E137500401423 /* RFKit */;
			targetProxy = D513B0EA2031917C00C62520 /* PBXContainerItemProxy */;
		};
/* End PBXTargetDependency section */

/* Begin PBXVariantGroup section */
		D5A5819B176E137500401423 /* InfoPlist.strings */ = {
			isa = PBXVariantGroup;
			children = (
				D5A5819C176E137500401423 /* en */,
			);
			name = InfoPlist.strings;
			sourceTree = "<group>";
		};
/* End PBXVariantGroup section */

/* Begin XCBuildConfiguration section */
		D513B0ED2031917C00C62520 /* Debug */ = {
			isa = XCBuildConfiguration;
			buildSettings = {
				BUNDLE_LOADER = "$(TEST_HOST)";
				CODE_SIGN_IDENTITY = "iPhone Developer";
				CODE_SIGN_STYLE = Automatic;
				DEBUG_INFORMATION_FORMAT = dwarf;
				ENABLE_TESTABILITY = YES;
				GCC_OPTIMIZATION_LEVEL = 0;
				INFOPLIST_FILE = "Test-iOS/Info.plist";
				LD_RUNPATH_SEARCH_PATHS = "$(inherited) @executable_path/Frameworks @loader_path/Frameworks";
				MTL_ENABLE_DEBUG_INFO = YES;
				PRODUCT_BUNDLE_IDENTIFIER = "com.github.bb9z.RFKit.Test-iOS";
				PRODUCT_NAME = "$(TARGET_NAME)";
				SWIFT_ACTIVE_COMPILATION_CONDITIONS = DEBUG;
				TEST_HOST = "$(BUILT_PRODUCTS_DIR)/RFKit.app/RFKit";
			};
			name = Debug;
		};
		D513B0EE2031917C00C62520 /* Release */ = {
			isa = XCBuildConfiguration;
			buildSettings = {
				BUNDLE_LOADER = "$(TEST_HOST)";
				CODE_SIGN_IDENTITY = "iPhone Developer";
				CODE_SIGN_STYLE = Automatic;
				COPY_PHASE_STRIP = NO;
				DEBUG_INFORMATION_FORMAT = "dwarf-with-dsym";
				GCC_OPTIMIZATION_LEVEL = 0;
				INFOPLIST_FILE = "Test-iOS/Info.plist";
				LD_RUNPATH_SEARCH_PATHS = "$(inherited) @executable_path/Frameworks @loader_path/Frameworks";
				MTL_ENABLE_DEBUG_INFO = NO;
				PRODUCT_BUNDLE_IDENTIFIER = "com.github.bb9z.RFKit.Test-iOS";
				PRODUCT_NAME = "$(TARGET_NAME)";
				TEST_HOST = "$(BUILT_PRODUCTS_DIR)/RFKit.app/RFKit";
			};
			name = Release;
		};
		D5A581BF176E137600401423 /* Debug */ = {
			isa = XCBuildConfiguration;
			buildSettings = {
				ALWAYS_SEARCH_USER_PATHS = NO;
				CLANG_ANALYZER_NONNULL = YES;
				CLANG_ANALYZER_NUMBER_OBJECT_CONVERSION = YES_AGGRESSIVE;
				CLANG_ENABLE_MODULES = YES;
				CLANG_ENABLE_OBJC_ARC = YES;
				CLANG_WARN_ASSIGN_ENUM = YES;
				CLANG_WARN_BLOCK_CAPTURE_AUTORELEASING = YES;
				CLANG_WARN_BOOL_CONVERSION = YES;
				CLANG_WARN_COMMA = YES;
				CLANG_WARN_CONSTANT_CONVERSION = YES;
				CLANG_WARN_DEPRECATED_OBJC_IMPLEMENTATIONS = YES;
				CLANG_WARN_DIRECT_OBJC_ISA_USAGE = YES_ERROR;
				CLANG_WARN_DOCUMENTATION_COMMENTS = YES;
				CLANG_WARN_EMPTY_BODY = YES;
				CLANG_WARN_ENUM_CONVERSION = YES;
				CLANG_WARN_FLOAT_CONVERSION = YES;
				CLANG_WARN_IMPLICIT_SIGN_CONVERSION = YES;
				CLANG_WARN_INFINITE_RECURSION = YES;
				CLANG_WARN_INT_CONVERSION = YES;
				CLANG_WARN_NON_LITERAL_NULL_CONVERSION = YES;
				CLANG_WARN_OBJC_EXPLICIT_OWNERSHIP_TYPE = YES;
				CLANG_WARN_OBJC_IMPLICIT_ATOMIC_PROPERTIES = YES;
				CLANG_WARN_OBJC_IMPLICIT_RETAIN_SELF = YES;
				CLANG_WARN_OBJC_LITERAL_CONVERSION = YES;
				CLANG_WARN_OBJC_MISSING_PROPERTY_SYNTHESIS = YES;
				CLANG_WARN_OBJC_REPEATED_USE_OF_WEAK = YES;
				CLANG_WARN_OBJC_ROOT_CLASS = YES_ERROR;
				CLANG_WARN_RANGE_LOOP_ANALYSIS = YES;
				CLANG_WARN_STRICT_PROTOTYPES = YES;
				CLANG_WARN_SUSPICIOUS_IMPLICIT_CONVERSION = YES;
				CLANG_WARN_SUSPICIOUS_MOVE = YES;
				CLANG_WARN_UNGUARDED_AVAILABILITY = YES_AGGRESSIVE;
				CLANG_WARN_UNREACHABLE_CODE = YES;
				CLANG_WARN__DUPLICATE_METHOD_MATCH = YES;
				"CODE_SIGN_IDENTITY[sdk=iphoneos*]" = "iPhone Developer";
				COPY_PHASE_STRIP = NO;
				ENABLE_STRICT_OBJC_MSGSEND = YES;
				ENABLE_TESTABILITY = YES;
				GCC_C_LANGUAGE_STANDARD = c11;
				GCC_NO_COMMON_BLOCKS = YES;
				GCC_PREPROCESSOR_DEFINITIONS = (
					"DEBUG=1",
					"$(inherited)",
				);
				GCC_TREAT_IMPLICIT_FUNCTION_DECLARATIONS_AS_ERRORS = YES;
				GCC_TREAT_INCOMPATIBLE_POINTER_TYPE_WARNINGS_AS_ERRORS = YES;
				GCC_WARN_64_TO_32_BIT_CONVERSION = YES;
				GCC_WARN_ABOUT_MISSING_FIELD_INITIALIZERS = YES;
				GCC_WARN_ABOUT_MISSING_NEWLINE = YES;
				GCC_WARN_ABOUT_MISSING_PROTOTYPES = YES;
				GCC_WARN_ABOUT_RETURN_TYPE = YES_ERROR;
				GCC_WARN_FOUR_CHARACTER_CONSTANTS = YES;
				GCC_WARN_INITIALIZER_NOT_FULLY_BRACKETED = YES;
				GCC_WARN_SHADOW = YES;
				GCC_WARN_SIGN_COMPARE = YES;
				GCC_WARN_STRICT_SELECTOR_MATCH = YES;
				GCC_WARN_UNDECLARED_SELECTOR = YES;
				GCC_WARN_UNINITIALIZED_AUTOS = YES_AGGRESSIVE;
				GCC_WARN_UNKNOWN_PRAGMAS = YES;
				GCC_WARN_UNUSED_FUNCTION = YES;
				GCC_WARN_UNUSED_LABEL = YES;
				GCC_WARN_UNUSED_PARAMETER = YES;
				GCC_WARN_UNUSED_VARIABLE = YES;
				IPHONEOS_DEPLOYMENT_TARGET = 8.0;
				MACOSX_DEPLOYMENT_TARGET = 10.6;
				ONLY_ACTIVE_ARCH = YES;
				SDKROOT = iphoneos;
				SWIFT_OBJC_BRIDGING_HEADER = "Supporting Files/OCBridgingHeader.h";
				SWIFT_OPTIMIZATION_LEVEL = "-Onone";
				SWIFT_VERSION = 4.0;
				TARGETED_DEVICE_FAMILY = "1,2";
				TVOS_DEPLOYMENT_TARGET = 9.0;
				WARNING_CFLAGS = (
					"-Weverything",
					"-Wno-gnu-statement-expression",
					"-Wno-auto-import",
					"-Wno-sign-conversion",
				);
				WATCHOS_DEPLOYMENT_TARGET = 2.0;
			};
			name = Debug;
		};
		D5A581C0176E137600401423 /* Release */ = {
			isa = XCBuildConfiguration;
			buildSettings = {
				ALWAYS_SEARCH_USER_PATHS = NO;
				CLANG_ANALYZER_NONNULL = YES;
				CLANG_ANALYZER_NUMBER_OBJECT_CONVERSION = YES_AGGRESSIVE;
				CLANG_ENABLE_MODULES = YES;
				CLANG_ENABLE_OBJC_ARC = YES;
				CLANG_WARN_ASSIGN_ENUM = YES;
				CLANG_WARN_BLOCK_CAPTURE_AUTORELEASING = YES;
				CLANG_WARN_BOOL_CONVERSION = YES;
				CLANG_WARN_COMMA = YES;
				CLANG_WARN_CONSTANT_CONVERSION = YES;
				CLANG_WARN_DEPRECATED_OBJC_IMPLEMENTATIONS = YES;
				CLANG_WARN_DIRECT_OBJC_ISA_USAGE = YES_ERROR;
				CLANG_WARN_DOCUMENTATION_COMMENTS = YES;
				CLANG_WARN_EMPTY_BODY = YES;
				CLANG_WARN_ENUM_CONVERSION = YES;
				CLANG_WARN_FLOAT_CONVERSION = YES;
				CLANG_WARN_IMPLICIT_SIGN_CONVERSION = YES;
				CLANG_WARN_INFINITE_RECURSION = YES;
				CLANG_WARN_INT_CONVERSION = YES;
				CLANG_WARN_NON_LITERAL_NULL_CONVERSION = YES;
				CLANG_WARN_OBJC_EXPLICIT_OWNERSHIP_TYPE = YES;
				CLANG_WARN_OBJC_IMPLICIT_ATOMIC_PROPERTIES = YES;
				CLANG_WARN_OBJC_IMPLICIT_RETAIN_SELF = YES;
				CLANG_WARN_OBJC_LITERAL_CONVERSION = YES;
				CLANG_WARN_OBJC_MISSING_PROPERTY_SYNTHESIS = YES;
				CLANG_WARN_OBJC_REPEATED_USE_OF_WEAK = YES;
				CLANG_WARN_OBJC_ROOT_CLASS = YES_ERROR;
				CLANG_WARN_RANGE_LOOP_ANALYSIS = YES;
				CLANG_WARN_STRICT_PROTOTYPES = YES;
				CLANG_WARN_SUSPICIOUS_IMPLICIT_CONVERSION = YES;
				CLANG_WARN_SUSPICIOUS_MOVE = YES;
				CLANG_WARN_UNGUARDED_AVAILABILITY = YES_AGGRESSIVE;
				CLANG_WARN_UNREACHABLE_CODE = YES;
				CLANG_WARN__DUPLICATE_METHOD_MATCH = YES;
				"CODE_SIGN_IDENTITY[sdk=iphoneos*]" = "iPhone Developer";
				COPY_PHASE_STRIP = YES;
				ENABLE_NS_ASSERTIONS = NO;
				ENABLE_STRICT_OBJC_MSGSEND = YES;
				GCC_C_LANGUAGE_STANDARD = c11;
				GCC_NO_COMMON_BLOCKS = YES;
				GCC_TREAT_IMPLICIT_FUNCTION_DECLARATIONS_AS_ERRORS = YES;
				GCC_TREAT_INCOMPATIBLE_POINTER_TYPE_WARNINGS_AS_ERRORS = YES;
				GCC_WARN_64_TO_32_BIT_CONVERSION = YES;
				GCC_WARN_ABOUT_MISSING_FIELD_INITIALIZERS = YES;
				GCC_WARN_ABOUT_MISSING_NEWLINE = YES;
				GCC_WARN_ABOUT_MISSING_PROTOTYPES = YES;
				GCC_WARN_ABOUT_RETURN_TYPE = YES_ERROR;
				GCC_WARN_FOUR_CHARACTER_CONSTANTS = YES;
				GCC_WARN_INITIALIZER_NOT_FULLY_BRACKETED = YES;
				GCC_WARN_SHADOW = YES;
				GCC_WARN_SIGN_COMPARE = YES;
				GCC_WARN_STRICT_SELECTOR_MATCH = YES;
				GCC_WARN_UNDECLARED_SELECTOR = YES;
				GCC_WARN_UNINITIALIZED_AUTOS = YES_AGGRESSIVE;
				GCC_WARN_UNKNOWN_PRAGMAS = YES;
				GCC_WARN_UNUSED_FUNCTION = YES;
				GCC_WARN_UNUSED_LABEL = YES;
				GCC_WARN_UNUSED_PARAMETER = YES;
				GCC_WARN_UNUSED_VARIABLE = YES;
				IPHONEOS_DEPLOYMENT_TARGET = 8.0;
				MACOSX_DEPLOYMENT_TARGET = 10.6;
				SDKROOT = iphoneos;
				SWIFT_OBJC_BRIDGING_HEADER = "Supporting Files/OCBridgingHeader.h";
				SWIFT_OPTIMIZATION_LEVEL = "-Owholemodule";
				SWIFT_VERSION = 4.0;
				TARGETED_DEVICE_FAMILY = "1,2";
				TVOS_DEPLOYMENT_TARGET = 9.0;
				VALIDATE_PRODUCT = YES;
				WARNING_CFLAGS = (
					"-Weverything",
					"-Wno-gnu-statement-expression",
					"-Wno-auto-import",
					"-Wno-sign-conversion",
				);
				WATCHOS_DEPLOYMENT_TARGET = 2.0;
			};
			name = Release;
		};
		D5A581C2176E137600401423 /* Debug */ = {
			isa = XCBuildConfiguration;
			buildSettings = {
				INFOPLIST_FILE = "RFKit/RFKit-Info.plist";
				PRODUCT_BUNDLE_IDENTIFIER = "com.github.BB9z.${PRODUCT_NAME:rfc1034identifier}";
				PRODUCT_NAME = "$(TARGET_NAME)";
				WRAPPER_EXTENSION = app;
			};
			name = Debug;
		};
		D5A581C3176E137600401423 /* Release */ = {
			isa = XCBuildConfiguration;
			buildSettings = {
				INFOPLIST_FILE = "RFKit/RFKit-Info.plist";
				PRODUCT_BUNDLE_IDENTIFIER = "com.github.BB9z.${PRODUCT_NAME:rfc1034identifier}";
				PRODUCT_NAME = "$(TARGET_NAME)";
				WRAPPER_EXTENSION = app;
			};
			name = Release;
		};
/* End XCBuildConfiguration section */

/* Begin XCConfigurationList section */
		D513B0EC2031917C00C62520 /* Build configuration list for PBXNativeTarget "Test-iOS" */ = {
			isa = XCConfigurationList;
			buildConfigurations = (
				D513B0ED2031917C00C62520 /* Debug */,
				D513B0EE2031917C00C62520 /* Release */,
			);
			defaultConfigurationIsVisible = 0;
			defaultConfigurationName = Release;
		};
		D5A5818A176E137500401423 /* Build configuration list for PBXProject "RFKit" */ = {
			isa = XCConfigurationList;
			buildConfigurations = (
				D5A581BF176E137600401423 /* Debug */,
				D5A581C0176E137600401423 /* Release */,
			);
			defaultConfigurationIsVisible = 0;
			defaultConfigurationName = Release;
		};
		D5A581C1176E137600401423 /* Build configuration list for PBXNativeTarget "RFKit" */ = {
			isa = XCConfigurationList;
			buildConfigurations = (
				D5A581C2176E137600401423 /* Debug */,
				D5A581C3176E137600401423 /* Release */,
			);
			defaultConfigurationIsVisible = 0;
			defaultConfigurationName = Release;
		};
/* End XCConfigurationList section */
	};
	rootObject = D5A58187176E137500401423 /* Project object */;
}
