PODS:
  - RFKit/ALL (2.5.1):
    - RFKit/Category/All
    - RFKit/Default
    - RFKit/doutkit
    - RFKit/Performance
  - RFKit/Category/All (2.5.1):
    - RFKit/Category/Default
    - RFKit/Category/NSDate
    - RFKit/Category/NSDateFormatter
    - RFKit/Category/NSFileManager
    - RFKit/Category/NSJSONSerialization
    - RFKit/Category/NSLayoutConstraint
    - RFKit/Category/NSNumberFormatter
    - RFKit/Category/NSURL
    - RFKit/Category/UIAlertView
    - RFKit/Category/UIPickerView
    - "RFKit/Category/UIScrollView+RFScrolling"
    - RFKit/Category/UISearchBar
    - RFKit/Category/UITextField
    - "RFKit/Category/UIViewController+RFInterfaceOrientation"
    - RFKit/Category/UIWebView
  - RFKit/Category/Default (2.5.1):
    - RFKit/Category/NSArray
    - RFKit/Category/NSBundle
    - RFKit/Category/NSDictionary
    - RFKit/Category/NSError
    - RFKit/Category/NSObject
    - RFKit/Category/NSString
    - RFKit/Category/UIButton
    - RFKit/Category/UIColor
    - RFKit/Category/UIDevice
    - RFKit/Category/UIImage
    - RFKit/Category/UINavigationController
    - RFKit/Category/UIResponder
    - RFKit/Category/UIStoryboard
    - RFKit/Category/UITableView
    - RFKit/Category/UIView
    - "RFKit/Category/UIView+RFAnimate"
    - RFKit/Category/UIViewController
  - RFKit/Category/NSArray (2.5.1):
    - RFKit/Foundation
  - RFKit/Category/NSBundle (2.5.1):
    - RFKit/Foundation
  - RFKit/Category/NSDate (2.5.1):
    - RFKit/Foundation
  - RFKit/Category/NSDateFormatter (2.5.1):
    - RFKit/Foundation
  - RFKit/Category/NSDictionary (2.5.1):
    - RFKit/Category/NSObject
    - RFKit/Foundation
  - RFKit/Category/NSError (2.5.1):
    - RFKit/Foundation
  - RFKit/Category/NSFileManager (2.5.1):
    - RFKit/Foundation
    - RFKit/Runtime
  - RFKit/Category/NSJSONSerialization (2.5.1):
    - RFKit/Foundation
    - RFKit/Runtime
  - RFKit/Category/NSLayoutConstraint (2.5.1):
    - RFKit/Category/UIView
    - RFKit/Foundation
  - RFKit/Category/NSNumberFormatter (2.5.1):
    - RFKit/Foundation
    - RFKit/Runtime
  - RFKit/Category/NSObject (2.5.1):
    - RFKit/Foundation
    - RFKit/Runtime
  - RFKit/Category/NSString (2.5.1):
    - RFKit/Foundation
    - RFKit/Runtime
  - RFKit/Category/NSURL (2.5.1):
    - RFKit/Foundation
  - RFKit/Category/UIAlertView (2.5.1):
    - RFKit/Foundation
  - RFKit/Category/UIButton (2.5.1):
    - RFKit/Foundation
  - RFKit/Category/UIColor (2.5.1):
    - RFKit/Foundation
  - RFKit/Category/UIDevice (2.5.1):
    - RFKit/Foundation
    - RFKit/Runtime
  - RFKit/Category/UIImage (2.5.1):
    - RFKit/Foundation
    - RFKit/RFGeometry
  - RFKit/Category/UINavigationController (2.5.1):
    - RFKit/Category/NSArray
    - RFKit/Foundation
  - RFKit/Category/UIPickerView (2.5.1):
    - RFKit/Foundation
  - RFKit/Category/UIResponder (2.5.1):
    - RFKit/Foundation
    - RFKit/Runtime
  - "RFKit/Category/UIScrollView+RFScrolling (2.5.1)":
    - RFKit/Foundation
  - RFKit/Category/UISearchBar (2.5.1):
    - RFKit/Foundation
  - RFKit/Category/UIStoryboard (2.5.1):
    - RFKit/Foundation
  - RFKit/Category/UITableView (2.5.1):
    - "RFKit/Category/UIView+RFAnimate"
    - RFKit/Foundation
  - RFKit/Category/UITextField (2.5.1):
    - RFKit/Foundation
  - RFKit/Category/UIView (2.5.1):
    - RFKit/Category/UIResponder
    - RFKit/Foundation
    - RFKit/RFGeometry
  - "RFKit/Category/UIView+RFAnimate (2.5.1)":
    - RFKit/Foundation
    - RFKit/Runtime
  - RFKit/Category/UIViewController (2.5.1):
    - RFKit/Foundation
  - "RFKit/Category/UIViewController+RFInterfaceOrientation (2.5.1)"
  - RFKit/Category/UIWebView (2.5.1):
    - RFKit/Foundation
  - RFKit/Default (2.5.1):
    - RFKit/Category/Default
    - RFKit/RFGeometry
    - RFKit/Runtime
  - RFKit/doutkit (2.5.1):
    - RFKit/Performance
    - RFKit/Runtime
  - RFKit/Foundation (2.5.1)
  - RFKit/Performance (2.5.1):
    - RFKit/Runtime
  - RFKit/RFGeometry (2.5.1):
    - RFKit/Runtime
  - RFKit/Runtime (2.5.1):
    - RFKit/Foundation

DEPENDENCIES:
  - RFKit/ALL (from `.`)

EXTERNAL SOURCES:
  RFKit:
    :path: "."

SPEC CHECKSUMS:
  RFKit: 046ed8a61c874fbb93dce7a694cfc059e8bf5d7a

PODFILE CHECKSUM: 4a445c69cc99fa92683e62ea4879ca679ccd1822

COCOAPODS: 1.9.3
