PODS:
  - RFKit/ALL (1.6.1):
    - RFKit/Category/All
    - RFKit/Default
    - RFKit/Performance
    - RFKit/UncaughtExceptionHandler
  - RFKit/Category/All (1.6.1):
    - RFKit/Category/Default
    - RFKit/Category/NSDate
    - RFKit/Category/NSDateFormatter
    - RFKit/Category/NSFileManager
    - RFKit/Category/NSJSONSerialization
    - RFKit/Category/NSLayoutConstraint
    - RFKit/Category/NSNumberFormatter
    - RFKit/Category/NSURL
    - RFKit/Category/UIScrollView+RFScrolling
    - RFKit/Category/UISearchBar
    - RFKit/Category/UIView+RFAnimate
    - RFKit/Category/UIWebView
  - RFKit/Category/Default (1.6.1):
    - RFKit/Category/NSArray
    - RFKit/Category/NSBundle
    - RFKit/Category/NSDictionary
    - RFKit/Category/NSError
    - RFKit/Category/NSObject
    - RFKit/Category/NSString
    - RFKit/Category/UIAlertView
    - RFKit/Category/UIButton
    - RFKit/Category/UIColor
    - RFKit/Category/UIDevice
    - RFKit/Category/UIImage
    - RFKit/Category/UINavigationController
    - RFKit/Category/UIResponder
    - RFKit/Category/UIStoryboard
    - RFKit/Category/UITableView
    - RFKit/Category/UIView
    - RFKit/Category/UIViewController
  - RFKit/Category/NSArray (1.6.1)
  - RFKit/Category/NSBundle (1.6.1)
  - RFKit/Category/NSDate (1.6.1):
    - RFKit/Runtime
  - RFKit/Category/NSDateFormatter (1.6.1)
  - RFKit/Category/NSDictionary (1.6.1):
    - RFKit/Category/NSObject
  - RFKit/Category/NSError (1.6.1)
  - RFKit/Category/NSFileManager (1.6.1):
    - RFKit/Runtime
  - RFKit/Category/NSJSONSerialization (1.6.1):
    - RFKit/Runtime
  - RFKit/Category/NSLayoutConstraint (1.6.1):
    - RFKit/Category/UIView
  - RFKit/Category/NSNumberFormatter (1.6.1):
    - RFKit/Runtime
  - RFKit/Category/NSObject (1.6.1):
    - RFKit/Runtime
  - RFKit/Category/NSString (1.6.1):
    - RFKit/Runtime
  - RFKit/Category/NSURL (1.6.1)
  - RFKit/Category/UIAlertView (1.6.1)
  - RFKit/Category/UIButton (1.6.1)
  - RFKit/Category/UIColor (1.6.1)
  - RFKit/Category/UIDevice (1.6.1):
    - RFKit/Runtime
  - RFKit/Category/UIImage (1.6.1):
    - RFKit/Runtime
  - RFKit/Category/UINavigationController (1.6.1):
    - RFKit/Category/NSArray
  - RFKit/Category/UIResponder (1.6.1)
  - RFKit/Category/UIScrollView+RFScrolling (1.6.1)
  - RFKit/Category/UISearchBar (1.6.1)
  - RFKit/Category/UIStoryboard (1.6.1)
  - RFKit/Category/UITableView (1.6.1):
    - RFKit/Category/UIView+RFAnimate
  - RFKit/Category/UIView (1.6.1):
    - RFKit/Category/UIResponder
    - RFKit/RFGeometry
  - RFKit/Category/UIView+RFAnimate (1.6.1):
    - RFKit/Runtime
  - RFKit/Category/UIViewController (1.6.1)
  - RFKit/Category/UIWebView (1.6.1)
  - RFKit/Default (1.6.1):
    - RFKit/Category/Default
    - RFKit/RFGeometry
    - RFKit/Runtime
  - RFKit/Performance (1.6.1):
    - RFKit/Runtime
  - RFKit/RFGeometry (1.6.1):
    - RFKit/Runtime
  - RFKit/Runtime (1.6.1)
  - RFKit/UncaughtExceptionHandler (1.6.1):
    - RFKit/Runtime

DEPENDENCIES:
  - RFKit/ALL (from `..`)

EXTERNAL SOURCES:
  RFKit:
    :path: ..

SPEC CHECKSUMS:
  RFKit: 0dd1e806b5b5406ab177b47a361c856b0abc8a7a

PODFILE CHECKSUM: 88696eaa952065c1e8bd8c9ae53aa3c8f211035b

COCOAPODS: 1.4.0
