PODS:
  - RFKit/ALL (1.7.0):
    - RFKit/Category/All
    - RFKit/Default
    - RFKit/Performance
    - RFKit/UncaughtExceptionHandler
  - RFKit/Category/All (1.7.0):
    - RFKit/Category/Default
    - RFKit/Category/NSDate
    - RFKit/Category/NSDateFormatter
    - RFKit/Category/NSFileManager
    - RFKit/Category/NSJSONSerialization
    - RFKit/Category/NSLayoutConstraint
    - RFKit/Category/NSNumberFormatter
    - RFKit/Category/NSURL
    - RFKit/Category/UIScrollView+RFScrolling
    - RFKit/Category/UISearchBar
    - RFKit/Category/UIView+RFAnimate
    - RFKit/Category/UIWebView
  - RFKit/Category/Default (1.7.0):
    - RFKit/Category/NSArray
    - RFKit/Category/NSBundle
    - RFKit/Category/NSDictionary
    - RFKit/Category/NSError
    - RFKit/Category/NSObject
    - RFKit/Category/NSString
    - RFKit/Category/UIAlertView
    - RFKit/Category/UIButton
    - RFKit/Category/UIColor
    - RFKit/Category/UIDevice
    - RFKit/Category/UIImage
    - RFKit/Category/UINavigationController
    - RFKit/Category/UIResponder
    - RFKit/Category/UIStoryboard
    - RFKit/Category/UITableView
    - RFKit/Category/UIView
    - RFKit/Category/UIViewController
  - RFKit/Category/NSArray (1.7.0)
  - RFKit/Category/NSBundle (1.7.0)
  - RFKit/Category/NSDate (1.7.0):
    - RFKit/Runtime
  - RFKit/Category/NSDateFormatter (1.7.0)
  - RFKit/Category/NSDictionary (1.7.0):
    - RFKit/Category/NSObject
  - RFKit/Category/NSError (1.7.0)
  - RFKit/Category/NSFileManager (1.7.0):
    - RFKit/Runtime
  - RFKit/Category/NSJSONSerialization (1.7.0):
    - RFKit/Runtime
  - RFKit/Category/NSLayoutConstraint (1.7.0):
    - RFKit/Category/UIView
  - RFKit/Category/NSNumberFormatter (1.7.0):
    - RFKit/Runtime
  - RFKit/Category/NSObject (1.7.0):
    - RFKit/Runtime
  - RFKit/Category/NSString (1.7.0):
    - RFKit/Runtime
  - RFKit/Category/NSURL (1.7.0)
  - RFKit/Category/UIAlertView (1.7.0)
  - RFKit/Category/UIButton (1.7.0)
  - RFKit/Category/UIColor (1.7.0)
  - RFKit/Category/UIDevice (1.7.0):
    - RFKit/Runtime
  - RFKit/Category/UIImage (1.7.0):
    - RFKit/Runtime
  - RFKit/Category/UINavigationController (1.7.0):
    - RFKit/Category/NSArray
  - RFKit/Category/UIResponder (1.7.0)
  - RFKit/Category/UIScrollView+RFScrolling (1.7.0)
  - RFKit/Category/UISearchBar (1.7.0)
  - RFKit/Category/UIStoryboard (1.7.0)
  - RFKit/Category/UITableView (1.7.0):
    - RFKit/Category/UIView+RFAnimate
  - RFKit/Category/UIView (1.7.0):
    - RFKit/Category/UIResponder
    - RFKit/RFGeometry
  - RFKit/Category/UIView+RFAnimate (1.7.0):
    - RFKit/Runtime
  - RFKit/Category/UIViewController (1.7.0)
  - RFKit/Category/UIWebView (1.7.0)
  - RFKit/Default (1.7.0):
    - RFKit/Category/Default
    - RFKit/RFGeometry
    - RFKit/Runtime
  - RFKit/Performance (1.7.0):
    - RFKit/Runtime
  - RFKit/RFGeometry (1.7.0):
    - RFKit/Runtime
  - RFKit/Runtime (1.7.0)
  - RFKit/UncaughtExceptionHandler (1.7.0):
    - RFKit/Runtime

DEPENDENCIES:
  - RFKit/ALL (from `..`)

EXTERNAL SOURCES:
  RFKit:
    :path: ..

SPEC CHECKSUMS:
  RFKit: d4adcfff84693b78cd0d1fdc26af348641de6b16

PODFILE CHECKSUM: ea81365bd31065944b9ab945e792ddc9d5de2eb1

COCOAPODS: 1.4.0
